// !$*UTF8*$!
{
	archiveVersion = 1;
	classes = {
	};
	objectVersion = 46;
	objects = {

/* Begin PBXBuildFile section */
		5270F19A1C9F64A2003A8E7D /* Module.swift in Sources */ = {isa = PBXBuildFile; fileRef = 5270F1991C9F64A2003A8E7D /* Module.swift */; };
		529079421CB691A900CA9ECA /* ViewControllerMainMenu.swift in Sources */ = {isa = PBXBuildFile; fileRef = 529079411CB691A900CA9ECA /* ViewControllerMainMenu.swift */; };
		529631FA1C9F4FCB0059415B /* AppDelegate.swift in Sources */ = {isa = PBXBuildFile; fileRef = 529631F91C9F4FCB0059415B /* AppDelegate.swift */; };
		529631FC1C9F4FCB0059415B /* MasterViewController.swift in Sources */ = {isa = PBXBuildFile; fileRef = 529631FB1C9F4FCB0059415B /* MasterViewController.swift */; };
		529631FE1C9F4FCB0059415B /* DetailViewController.swift in Sources */ = {isa = PBXBuildFile; fileRef = 529631FD1C9F4FCB0059415B /* DetailViewController.swift */; };
		529632011C9F4FCB0059415B /* Main.storyboard in Resources */ = {isa = PBXBuildFile; fileRef = 529631FF1C9F4FCB0059415B /* Main.storyboard */; };
		529632031C9F4FCB0059415B /* Assets.xcassets in Resources */ = {isa = PBXBuildFile; fileRef = 529632021C9F4FCB0059415B /* Assets.xcassets */; };
		529632061C9F4FCB0059415B /* LaunchScreen.storyboard in Resources */ = {isa = PBXBuildFile; fileRef = 529632041C9F4FCB0059415B /* LaunchScreen.storyboard */; };
		529632111C9F4FCB0059415B /* Coursework_Management_ToolTests.swift in Sources */ = {isa = PBXBuildFile; fileRef = 529632101C9F4FCB0059415B /* Coursework_Management_ToolTests.swift */; };
		5296321C1C9F4FCB0059415B /* Coursework_Management_ToolUITests.swift in Sources */ = {isa = PBXBuildFile; fileRef = 5296321B1C9F4FCB0059415B /* Coursework_Management_ToolUITests.swift */; };
		E55E11FD1CDA76F500046C76 /* MyButton.swift in Sources */ = {isa = PBXBuildFile; fileRef = E55E11FC1CDA76F500046C76 /* MyButton.swift */; };
		E55E11FF1CDAC61700046C76 /* calculatorlogo.png in Resources */ = {isa = PBXBuildFile; fileRef = E55E11FE1CDAC61700046C76 /* calculatorlogo.png */; };
		E55E12011CDADEB600046C76 /* MyTextField.swift in Sources */ = {isa = PBXBuildFile; fileRef = E55E12001CDADEB600046C76 /* MyTextField.swift */; };
/* End PBXBuildFile section */

/* Begin PBXContainerItemProxy section */
		5296320D1C9F4FCB0059415B /* PBXContainerItemProxy */ = {
			isa = PBXContainerItemProxy;
			containerPortal = 529631EE1C9F4FCB0059415B /* Project object */;
			proxyType = 1;
			remoteGlobalIDString = 529631F51C9F4FCB0059415B;
			remoteInfo = "Coursework Management Tool";
		};
		529632181C9F4FCB0059415B /* PBXContainerItemProxy */ = {
			isa = PBXContainerItemProxy;
			containerPortal = 529631EE1C9F4FCB0059415B /* Project object */;
			proxyType = 1;
			remoteGlobalIDString = 529631F51C9F4FCB0059415B;
			remoteInfo = "Coursework Management Tool";
		};
/* End PBXContainerItemProxy section */

/* Begin PBXFileReference section */
		5270F1991C9F64A2003A8E7D /* Module.swift */ = {isa = PBXFileReference; fileEncoding = 4; lastKnownFileType = sourcecode.swift; path = Module.swift; sourceTree = "<group>"; };
		529079411CB691A900CA9ECA /* ViewControllerMainMenu.swift */ = {isa = PBXFileReference; fileEncoding = 4; lastKnownFileType = sourcecode.swift; path = ViewControllerMainMenu.swift; sourceTree = "<group>"; };
		529631F61C9F4FCB0059415B /* Coursework Management Tool.app */ = {isa = PBXFileReference; explicitFileType = wrapper.application; includeInIndex = 0; path = "Coursework Management Tool.app"; sourceTree = BUILT_PRODUCTS_DIR; };
		529631F91C9F4FCB0059415B /* AppDelegate.swift */ = {isa = PBXFileReference; lastKnownFileType = sourcecode.swift; path = AppDelegate.swift; sourceTree = "<group>"; };
		529631FB1C9F4FCB0059415B /* MasterViewController.swift */ = {isa = PBXFileReference; lastKnownFileType = sourcecode.swift; path = MasterViewController.swift; sourceTree = "<group>"; };
		529631FD1C9F4FCB0059415B /* DetailViewController.swift */ = {isa = PBXFileReference; lastKnownFileType = sourcecode.swift; path = DetailViewController.swift; sourceTree = "<group>"; };
		529632001C9F4FCB0059415B /* Base */ = {isa = PBXFileReference; lastKnownFileType = file.storyboard; name = Base; path = Base.lproj/Main.storyboard; sourceTree = "<group>"; };
		529632021C9F4FCB0059415B /* Assets.xcassets */ = {isa = PBXFileReference; lastKnownFileType = folder.assetcatalog; path = Assets.xcassets; sourceTree = "<group>"; };
		529632051C9F4FCB0059415B /* Base */ = {isa = PBXFileReference; lastKnownFileType = file.storyboard; name = Base; path = Base.lproj/LaunchScreen.storyboard; sourceTree = "<group>"; };
		529632071C9F4FCB0059415B /* Info.plist */ = {isa = PBXFileReference; lastKnownFileType = text.plist.xml; path = Info.plist; sourceTree = "<group>"; };
		5296320C1C9F4FCB0059415B /* Coursework Management ToolTests.xctest */ = {isa = PBXFileReference; explicitFileType = wrapper.cfbundle; includeInIndex = 0; path = "Coursework Management ToolTests.xctest"; sourceTree = BUILT_PRODUCTS_DIR; };
		529632101C9F4FCB0059415B /* Coursework_Management_ToolTests.swift */ = {isa = PBXFileReference; lastKnownFileType = sourcecode.swift; path = Coursework_Management_ToolTests.swift; sourceTree = "<group>"; };
		529632121C9F4FCB0059415B /* Info.plist */ = {isa = PBXFileReference; lastKnownFileType = text.plist.xml; path = Info.plist; sourceTree = "<group>"; };
		529632171C9F4FCB0059415B /* Coursework Management ToolUITests.xctest */ = {isa = PBXFileReference; explicitFileType = wrapper.cfbundle; includeInIndex = 0; path = "Coursework Management ToolUITests.xctest"; sourceTree = BUILT_PRODUCTS_DIR; };
		5296321B1C9F4FCB0059415B /* Coursework_Management_ToolUITests.swift */ = {isa = PBXFileReference; lastKnownFileType = sourcecode.swift; path = Coursework_Management_ToolUITests.swift; sourceTree = "<group>"; };
		5296321D1C9F4FCB0059415B /* Info.plist */ = {isa = PBXFileReference; lastKnownFileType = text.plist.xml; path = Info.plist; sourceTree = "<group>"; };
		E55E11FC1CDA76F500046C76 /* MyButton.swift */ = {isa = PBXFileReference; fileEncoding = 4; lastKnownFileType = sourcecode.swift; path = MyButton.swift; sourceTree = "<group>"; };
		E55E11FE1CDAC61700046C76 /* calculatorlogo.png */ = {isa = PBXFileReference; lastKnownFileType = image.png; path = calculatorlogo.png; sourceTree = "<group>"; };
		E55E12001CDADEB600046C76 /* MyTextField.swift */ = {isa = PBXFileReference; fileEncoding = 4; lastKnownFileType = sourcecode.swift; path = MyTextField.swift; sourceTree = "<group>"; };
/* End PBXFileReference section */

/* Begin PBXFrameworksBuildPhase section */
		529631F31C9F4FCB0059415B /* Frameworks */ = {
			isa = PBXFrameworksBuildPhase;
			buildActionMask = 2147483647;
			files = (
			);
			runOnlyForDeploymentPostprocessing = 0;
		};
		529632091C9F4FCB0059415B /* Frameworks */ = {
			isa = PBXFrameworksBuildPhase;
			buildActionMask = 2147483647;
			files = (
			);
			runOnlyForDeploymentPostprocessing = 0;
		};
		529632141C9F4FCB0059415B /* Frameworks */ = {
			isa = PBXFrameworksBuildPhase;
			buildActionMask = 2147483647;
			files = (
			);
			runOnlyForDeploymentPostprocessing = 0;
		};
/* End PBXFrameworksBuildPhase section */

/* Begin PBXGroup section */
		529631ED1C9F4FCA0059415B = {
			isa = PBXGroup;
			children = (
				529631F81C9F4FCB0059415B /* Coursework Management Tool */,
				5296320F1C9F4FCB0059415B /* Coursework Management ToolTests */,
				5296321A1C9F4FCB0059415B /* Coursework Management ToolUITests */,
				529631F71C9F4FCB0059415B /* Products */,
			);
			sourceTree = "<group>";
		};
		529631F71C9F4FCB0059415B /* Products */ = {
			isa = PBXGroup;
			children = (
				529631F61C9F4FCB0059415B /* Coursework Management Tool.app */,
				5296320C1C9F4FCB0059415B /* Coursework Management ToolTests.xctest */,
				529632171C9F4FCB0059415B /* Coursework Management ToolUITests.xctest */,
			);
			name = Products;
			sourceTree = "<group>";
		};
		529631F81C9F4FCB0059415B /* Coursework Management Tool */ = {
			isa = PBXGroup;
			children = (
				E55E11FC1CDA76F500046C76 /* MyButton.swift */,
				529631F91C9F4FCB0059415B /* AppDelegate.swift */,
				529631FB1C9F4FCB0059415B /* MasterViewController.swift */,
				529631FD1C9F4FCB0059415B /* DetailViewController.swift */,
				529631FF1C9F4FCB0059415B /* Main.storyboard */,
				529632021C9F4FCB0059415B /* Assets.xcassets */,
				529632041C9F4FCB0059415B /* LaunchScreen.storyboard */,
				529632071C9F4FCB0059415B /* Info.plist */,
				E55E11FE1CDAC61700046C76 /* calculatorlogo.png */,
				5270F1991C9F64A2003A8E7D /* Module.swift */,
				529079411CB691A900CA9ECA /* ViewControllerMainMenu.swift */,
				E55E12001CDADEB600046C76 /* MyTextField.swift */,
			);
			path = "Coursework Management Tool";
			sourceTree = "<group>";
		};
		5296320F1C9F4FCB0059415B /* Coursework Management ToolTests */ = {
			isa = PBXGroup;
			children = (
				529632101C9F4FCB0059415B /* Coursework_Management_ToolTests.swift */,
				529632121C9F4FCB0059415B /* Info.plist */,
			);
			path = "Coursework Management ToolTests";
			sourceTree = "<group>";
		};
		5296321A1C9F4FCB0059415B /* Coursework Management ToolUITests */ = {
			isa = PBXGroup;
			children = (
				5296321B1C9F4FCB0059415B /* Coursework_Management_ToolUITests.swift */,
				5296321D1C9F4FCB0059415B /* Info.plist */,
			);
			path = "Coursework Management ToolUITests";
			sourceTree = "<group>";
		};
/* End PBXGroup section */

/* Begin PBXNativeTarget section */
		529631F51C9F4FCB0059415B /* Coursework Management Tool */ = {
			isa = PBXNativeTarget;
			buildConfigurationList = 529632201C9F4FCB0059415B /* Build configuration list for PBXNativeTarget "Coursework Management Tool" */;
			buildPhases = (
				529631F21C9F4FCB0059415B /* Sources */,
				529631F31C9F4FCB0059415B /* Frameworks */,
				529631F41C9F4FCB0059415B /* Resources */,
			);
			buildRules = (
			);
			dependencies = (
			);
			name = "Coursework Management Tool";
			productName = "Coursework Management Tool";
			productReference = 529631F61C9F4FCB0059415B /* Coursework Management Tool.app */;
			productType = "com.apple.product-type.application";
		};
		5296320B1C9F4FCB0059415B /* Coursework Management ToolTests */ = {
			isa = PBXNativeTarget;
			buildConfigurationList = 529632231C9F4FCB0059415B /* Build configuration list for PBXNativeTarget "Coursework Management ToolTests" */;
			buildPhases = (
				529632081C9F4FCB0059415B /* Sources */,
				529632091C9F4FCB0059415B /* Frameworks */,
				5296320A1C9F4FCB0059415B /* Resources */,
			);
			buildRules = (
			);
			dependencies = (
				5296320E1C9F4FCB0059415B /* PBXTargetDependency */,
			);
			name = "Coursework Management ToolTests";
			productName = "Coursework Management ToolTests";
			productReference = 5296320C1C9F4FCB0059415B /* Coursework Management ToolTests.xctest */;
			productType = "com.apple.product-type.bundle.unit-test";
		};
		529632161C9F4FCB0059415B /* Coursework Management ToolUITests */ = {
			isa = PBXNativeTarget;
			buildConfigurationList = 529632261C9F4FCB0059415B /* Build configuration list for PBXNativeTarget "Coursework Management ToolUITests" */;
			buildPhases = (
				529632131C9F4FCB0059415B /* Sources */,
				529632141C9F4FCB0059415B /* Frameworks */,
				529632151C9F4FCB0059415B /* Resources */,
			);
			buildRules = (
			);
			dependencies = (
				529632191C9F4FCB0059415B /* PBXTargetDependency */,
			);
			name = "Coursework Management ToolUITests";
			productName = "Coursework Management ToolUITests";
			productReference = 529632171C9F4FCB0059415B /* Coursework Management ToolUITests.xctest */;
			productType = "com.apple.product-type.bundle.ui-testing";
		};
/* End PBXNativeTarget section */

/* Begin PBXProject section */
		529631EE1C9F4FCB0059415B /* Project object */ = {
			isa = PBXProject;
			attributes = {
				LastSwiftUpdateCheck = 0720;
				LastUpgradeCheck = 0720;
				ORGANIZATIONNAME = MACBOOKPRO;
				TargetAttributes = {
					529631F51C9F4FCB0059415B = {
						CreatedOnToolsVersion = 7.2.1;
						DevelopmentTeam = F3GD554ZXE;
					};
					5296320B1C9F4FCB0059415B = {
						CreatedOnToolsVersion = 7.2.1;
						DevelopmentTeam = F3GD554ZXE;
						TestTargetID = 529631F51C9F4FCB0059415B;
					};
					529632161C9F4FCB0059415B = {
						CreatedOnToolsVersion = 7.2.1;
						DevelopmentTeam = F3GD554ZXE;
						TestTargetID = 529631F51C9F4FCB0059415B;
					};
				};
			};
			buildConfigurationList = 529631F11C9F4FCB0059415B /* Build configuration list for PBXProject "Coursework Management Tool" */;
			compatibilityVersion = "Xcode 3.2";
			developmentRegion = English;
			hasScannedForEncodings = 0;
			knownRegions = (
				en,
				Base,
			);
			mainGroup = 529631ED1C9F4FCA0059415B;
			productRefGroup = 529631F71C9F4FCB0059415B /* Products */;
			projectDirPath = "";
			projectRoot = "";
			targets = (
				529631F51C9F4FCB0059415B /* Coursework Management Tool */,
				5296320B1C9F4FCB0059415B /* Coursework Management ToolTests */,
				529632161C9F4FCB0059415B /* Coursework Management ToolUITests */,
			);
		};
/* End PBXProject section */

/* Begin PBXResourcesBuildPhase section */
		529631F41C9F4FCB0059415B /* Resources */ = {
			isa = PBXResourcesBuildPhase;
			buildActionMask = 2147483647;
			files = (
				E55E11FF1CDAC61700046C76 /* calculatorlogo.png in Resources */,
				529632061C9F4FCB0059415B /* LaunchScreen.storyboard in Resources */,
				529632031C9F4FCB0059415B /* Assets.xcassets in Resources */,
				529632011C9F4FCB0059415B /* Main.storyboard in Resources */,
			);
			runOnlyForDeploymentPostprocessing = 0;
		};
		5296320A1C9F4FCB0059415B /* Resources */ = {
			isa = PBXResourcesBuildPhase;
			buildActionMask = 2147483647;
			files = (
			);
			runOnlyForDeploymentPostprocessing = 0;
		};
		529632151C9F4FCB0059415B /* Resources */ = {
			isa = PBXResourcesBuildPhase;
			buildActionMask = 2147483647;
			files = (
			);
			runOnlyForDeploymentPostprocessing = 0;
		};
/* End PBXResourcesBuildPhase section */

/* Begin PBXSourcesBuildPhase section */
		529631F21C9F4FCB0059415B /* Sources */ = {
			isa = PBXSourcesBuildPhase;
			buildActionMask = 2147483647;
			files = (
				5270F19A1C9F64A2003A8E7D /* Module.swift in Sources */,
				E55E12011CDADEB600046C76 /* MyTextField.swift in Sources */,
				529631FE1C9F4FCB0059415B /* DetailViewController.swift in Sources */,
				529631FC1C9F4FCB0059415B /* MasterViewController.swift in Sources */,
				529079421CB691A900CA9ECA /* ViewControllerMainMenu.swift in Sources */,
				529631FA1C9F4FCB0059415B /* AppDelegate.swift in Sources */,
				E55E11FD1CDA76F500046C76 /* MyButton.swift in Sources */,
			);
			runOnlyForDeploymentPostprocessing = 0;
		};
		529632081C9F4FCB0059415B /* Sources */ = {
			isa = PBXSourcesBuildPhase;
			buildActionMask = 2147483647;
			files = (
				529632111C9F4FCB0059415B /* Coursework_Management_ToolTests.swift in Sources */,
			);
			runOnlyForDeploymentPostprocessing = 0;
		};
		529632131C9F4FCB0059415B /* Sources */ = {
			isa = PBXSourcesBuildPhase;
			buildActionMask = 2147483647;
			files = (
				5296321C1C9F4FCB0059415B /* Coursework_Management_ToolUITests.swift in Sources */,
			);
			runOnlyForDeploymentPostprocessing = 0;
		};
/* End PBXSourcesBuildPhase section */

/* Begin PBXTargetDependency section */
		5296320E1C9F4FCB0059415B /* PBXTargetDependency */ = {
			isa = PBXTargetDependency;
			target = 529631F51C9F4FCB0059415B /* Coursework Management Tool */;
			targetProxy = 5296320D1C9F4FCB0059415B /* PBXContainerItemProxy */;
		};
		529632191C9F4FCB0059415B /* PBXTargetDependency */ = {
			isa = PBXTargetDependency;
			target = 529631F51C9F4FCB0059415B /* Coursework Management Tool */;
			targetProxy = 529632181C9F4FCB0059415B /* PBXContainerItemProxy */;
		};
/* End PBXTargetDependency section */

/* Begin PBXVariantGroup section */
		529631FF1C9F4FCB0059415B /* Main.storyboard */ = {
			isa = PBXVariantGroup;
			children = (
				529632001C9F4FCB0059415B /* Base */,
			);
			name = Main.storyboard;
			sourceTree = "<group>";
		};
		529632041C9F4FCB0059415B /* LaunchScreen.storyboard */ = {
			isa = PBXVariantGroup;
			children = (
				529632051C9F4FCB0059415B /* Base */,
			);
			name = LaunchScreen.storyboard;
			sourceTree = "<group>";
		};
/* End PBXVariantGroup section */

/* Begin XCBuildConfiguration section */
		5296321E1C9F4FCB0059415B /* Debug */ = {
			isa = XCBuildConfiguration;
			buildSettings = {
				ALWAYS_SEARCH_USER_PATHS = NO;
				CLANG_CXX_LANGUAGE_STANDARD = "gnu++0x";
				CLANG_CXX_LIBRARY = "libc++";
				CLANG_ENABLE_MODULES = YES;
				CLANG_ENABLE_OBJC_ARC = YES;
				CLANG_WARN_BOOL_CONVERSION = YES;
				CLANG_WARN_CONSTANT_CONVERSION = YES;
				CLANG_WARN_DIRECT_OBJC_ISA_USAGE = YES_ERROR;
				CLANG_WARN_EMPTY_BODY = YES;
				CLANG_WARN_ENUM_CONVERSION = YES;
				CLANG_WARN_INT_CONVERSION = YES;
				CLANG_WARN_OBJC_ROOT_CLASS = YES_ERROR;
				CLANG_WARN_UNREACHABLE_CODE = YES;
				CLANG_WARN__DUPLICATE_METHOD_MATCH = YES;
				"CODE_SIGN_IDENTITY[sdk=iphoneos*]" = "iPhone Developer";
				COPY_PHASE_STRIP = NO;
				DEBUG_INFORMATION_FORMAT = dwarf;
				ENABLE_STRICT_OBJC_MSGSEND = YES;
				ENABLE_TESTABILITY = YES;
				GCC_C_LANGUAGE_STANDARD = gnu99;
				GCC_DYNAMIC_NO_PIC = NO;
				GCC_NO_COMMON_BLOCKS = YES;
				GCC_OPTIMIZATION_LEVEL = 0;
				GCC_PREPROCESSOR_DEFINITIONS = (
					"DEBUG=1",
					"$(inherited)",
				);
				GCC_WARN_64_TO_32_BIT_CONVERSION = YES;
				GCC_WARN_ABOUT_RETURN_TYPE = YES_ERROR;
				GCC_WARN_UNDECLARED_SELECTOR = YES;
				GCC_WARN_UNINITIALIZED_AUTOS = YES_AGGRESSIVE;
				GCC_WARN_UNUSED_FUNCTION = YES;
				GCC_WARN_UNUSED_VARIABLE = YES;
				IPHONEOS_DEPLOYMENT_TARGET = 9.2;
				MTL_ENABLE_DEBUG_INFO = YES;
				ONLY_ACTIVE_ARCH = YES;
				SDKROOT = iphoneos;
				SWIFT_OPTIMIZATION_LEVEL = "-Onone";
				TARGETED_DEVICE_FAMILY = 2;
			};
			name = Debug;
		};
		5296321F1C9F4FCB0059415B /* Release */ = {
			isa = XCBuildConfiguration;
			buildSettings = {
				ALWAYS_SEARCH_USER_PATHS = NO;
				CLANG_CXX_LANGUAGE_STANDARD = "gnu++0x";
				CLANG_CXX_LIBRARY = "libc++";
				CLANG_ENABLE_MODULES = YES;
				CLANG_ENABLE_OBJC_ARC = YES;
				CLANG_WARN_BOOL_CONVERSION = YES;
				CLANG_WARN_CONSTANT_CONVERSION = YES;
				CLANG_WARN_DIRECT_OBJC_ISA_USAGE = YES_ERROR;
				CLANG_WARN_EMPTY_BODY = YES;
				CLANG_WARN_ENUM_CONVERSION = YES;
				CLANG_WARN_INT_CONVERSION = YES;
				CLANG_WARN_OBJC_ROOT_CLASS = YES_ERROR;
				CLANG_WARN_UNREACHABLE_CODE = YES;
				CLANG_WARN__DUPLICATE_METHOD_MATCH = YES;
				"CODE_SIGN_IDENTITY[sdk=iphoneos*]" = "iPhone Developer";
				COPY_PHASE_STRIP = NO;
				DEBUG_INFORMATION_FORMAT = "dwarf-with-dsym";
				ENABLE_NS_ASSERTIONS = NO;
				ENABLE_STRICT_OBJC_MSGSEND = YES;
				GCC_C_LANGUAGE_STANDARD = gnu99;
				GCC_NO_COMMON_BLOCKS = YES;
				GCC_WARN_64_TO_32_BIT_CONVERSION = YES;
				GCC_WARN_ABOUT_RETURN_TYPE = YES_ERROR;
				GCC_WARN_UNDECLARED_SELECTOR = YES;
				GCC_WARN_UNINITIALIZED_AUTOS = YES_AGGRESSIVE;
				GCC_WARN_UNUSED_FUNCTION = YES;
				GCC_WARN_UNUSED_VARIABLE = YES;
				IPHONEOS_DEPLOYMENT_TARGET = 9.2;
				MTL_ENABLE_DEBUG_INFO = NO;
				SDKROOT = iphoneos;
				TARGETED_DEVICE_FAMILY = 2;
				VALIDATE_PRODUCT = YES;
			};
			name = Release;
		};
		529632211C9F4FCB0059415B /* Debug */ = {
			isa = XCBuildConfiguration;
			buildSettings = {
				ASSETCATALOG_COMPILER_APPICON_NAME = AppIcon;
				CODE_SIGN_IDENTITY = "iPhone Developer";
				"CODE_SIGN_IDENTITY[sdk=iphoneos*]" = "iPhone Developer";
				INFOPLIST_FILE = "Coursework Management Tool/Info.plist";
				LD_RUNPATH_SEARCH_PATHS = "$(inherited) @executable_path/Frameworks";
				PRODUCT_BUNDLE_IDENTIFIER = "zak.Coursework-Management-Tool";
				PRODUCT_NAME = "$(TARGET_NAME)";
				PROVISIONING_PROFILE = "";
			};
			name = Debug;
		};
		529632221C9F4FCB0059415B /* Release */ = {
			isa = XCBuildConfiguration;
			buildSettings = {
				ASSETCATALOG_COMPILER_APPICON_NAME = AppIcon;
				CODE_SIGN_IDENTITY = "iPhone Developer";
				"CODE_SIGN_IDENTITY[sdk=iphoneos*]" = "iPhone Developer";
				INFOPLIST_FILE = "Coursework Management Tool/Info.plist";
				LD_RUNPATH_SEARCH_PATHS = "$(inherited) @executable_path/Frameworks";
				PRODUCT_BUNDLE_IDENTIFIER = "zak.Coursework-Management-Tool";
				PRODUCT_NAME = "$(TARGET_NAME)";
				PROVISIONING_PROFILE = "";
			};
			name = Release;
		};
		529632241C9F4FCB0059415B /* Debug */ = {
			isa = XCBuildConfiguration;
			buildSettings = {
				BUNDLE_LOADER = "$(TEST_HOST)";
				INFOPLIST_FILE = "Coursework Management ToolTests/Info.plist";
				LD_RUNPATH_SEARCH_PATHS = "$(inherited) @executable_path/Frameworks @loader_path/Frameworks";
				PRODUCT_BUNDLE_IDENTIFIER = "zak.Coursework-Management-ToolTests";
				PRODUCT_NAME = "$(TARGET_NAME)";
				TEST_HOST = "$(BUILT_PRODUCTS_DIR)/Coursework Management Tool.app/Coursework Management Tool";
			};
			name = Debug;
		};
		529632251C9F4FCB0059415B /* Release */ = {
			isa = XCBuildConfiguration;
			buildSettings = {
				BUNDLE_LOADER = "$(TEST_HOST)";
				INFOPLIST_FILE = "Coursework Management ToolTests/Info.plist";
				LD_RUNPATH_SEARCH_PATHS = "$(inherited) @executable_path/Frameworks @loader_path/Frameworks";
				PRODUCT_BUNDLE_IDENTIFIER = "zak.Coursework-Management-ToolTests";
				PRODUCT_NAME = "$(TARGET_NAME)";
				TEST_HOST = "$(BUILT_PRODUCTS_DIR)/Coursework Management Tool.app/Coursework Management Tool";
			};
			name = Release;
		};
		529632271C9F4FCB0059415B /* Debug */ = {
			isa = XCBuildConfiguration;
			buildSettings = {
				INFOPLIST_FILE = "Coursework Management ToolUITests/Info.plist";
				LD_RUNPATH_SEARCH_PATHS = "$(inherited) @executable_path/Frameworks @loader_path/Frameworks";
				PRODUCT_BUNDLE_IDENTIFIER = "zak.Coursework-Management-ToolUITests";
				PRODUCT_NAME = "$(TARGET_NAME)";
				TEST_TARGET_NAME = "Coursework Management Tool";
				USES_XCTRUNNER = YES;
			};
			name = Debug;
		};
		529632281C9F4FCB0059415B /* Release */ = {
			isa = XCBuildConfiguration;
			buildSettings = {
				INFOPLIST_FILE = "Coursework Management ToolUITests/Info.plist";
				LD_RUNPATH_SEARCH_PATHS = "$(inherited) @executable_path/Frameworks @loader_path/Frameworks";
				PRODUCT_BUNDLE_IDENTIFIER = "zak.Coursework-Management-ToolUITests";
				PRODUCT_NAME = "$(TARGET_NAME)";
				TEST_TARGET_NAME = "Coursework Management Tool";
				USES_XCTRUNNER = YES;
			};
			name = Release;
		};
/* End XCBuildConfiguration section */

/* Begin XCConfigurationList section */
		529631F11C9F4FCB0059415B /* Build configuration list for PBXProject "Coursework Management Tool" */ = {
			isa = XCConfigurationList;
			buildConfigurations = (
				5296321E1C9F4FCB0059415B /* Debug */,
				5296321F1C9F4FCB0059415B /* Release */,
			);
			defaultConfigurationIsVisible = 0;
			defaultConfigurationName = Release;
		};
		529632201C9F4FCB0059415B /* Build configuration list for PBXNativeTarget "Coursework Management Tool" */ = {
			isa = XCConfigurationList;
			buildConfigurations = (
				529632211C9F4FCB0059415B /* Debug */,
				529632221C9F4FCB0059415B /* Release */,
			);
			defaultConfigurationIsVisible = 0;
			defaultConfigurationName = Release;
		};
		529632231C9F4FCB0059415B /* Build configuration list for PBXNativeTarget "Coursework Management ToolTests" */ = {
			isa = XCConfigurationList;
			buildConfigurations = (
				529632241C9F4FCB0059415B /* Debug */,
				529632251C9F4FCB0059415B /* Release */,
			);
			defaultConfigurationIsVisible = 0;
			defaultConfigurationName = Release;
		};
		529632261C9F4FCB0059415B /* Build configuration list for PBXNativeTarget "Coursework Management ToolUITests" */ = {
			isa = XCConfigurationList;
			buildConfigurations = (
				529632271C9F4FCB0059415B /* Debug */,
				529632281C9F4FCB0059415B /* Release */,
			);
			defaultConfigurationIsVisible = 0;
			defaultConfigurationName = Release;
		};
/* End XCConfigurationList section */
	};
	rootObject = 529631EE1C9F4FCB0059415B /* Project object */;
}
